
Microsoft Visual Studio Solution File, Format Version 12.00
# Visual Studio 2013
VisualStudioVersion = 12.0.31101.0
MinimumVisualStudioVersion = 10.0.40219.1
Project("{FAE04EC0-301F-11D3-BF4B-00C04F79EFBC}") = "FamilyStudio2", "FamilyStudio1\FamilyStudio2.csproj", "{FA4A13F5-5D65-4F31-A56A-8F46D6184538}"
	ProjectSection(ProjectDependencies) = postProject
		{27DA93BC-2FE0-45CF-A69D-C30662FBAE13} = {27DA93BC-2FE0-45CF-A69D-C30662FBAE13}
		{39B21CC8-5541-4226-A458-C99D8CA25539} = {39B21CC8-5541-4226-A458-C99D8CA25539}
		{23AAC4C9-53F3-4E80-9A45-19CABED3F7FA} = {23AAC4C9-53F3-4E80-9A45-19CABED3F7FA}
		{4411D6E4-243D-4CB2-BB25-89A4449DECD1} = {4411D6E4-243D-4CB2-BB25-89A4449DECD1}
		{9710BBFE-1CF6-4657-B6C9-64937AA624B0} = {9710BBFE-1CF6-4657-B6C9-64937AA624B0}
	EndProjectSection
EndProject
Project("{FAE04EC0-301F-11D3-BF4B-00C04F79EFBC}") = "FamilyStudioData", "FamilyStudioData\FamilyStudioData.csproj", "{911D2075-8F1C-43DF-9892-E71D139E4259}"
EndProject
Project("{FAE04EC0-301F-11D3-BF4B-00C04F79EFBC}") = "AnarkivCodec", "FileFormats\AnarkivCodec\AnarkivCodec.csproj", "{728DDF5D-B15E-4B9E-BFE8-EA7C8BA85F2C}"
EndProject
Project("{FAE04EC0-301F-11D3-BF4B-00C04F79EFBC}") = "GedcomCodec", "FileFormats\GedcomCodec\GedcomCodec.csproj", "{27F035D7-3604-46A1-ACAB-FFF1BEB37315}"
EndProject
Project("{FAE04EC0-301F-11D3-BF4B-00C04F79EFBC}") = "GeniCodec", "FileFormats\GeniCodec\GeniCodec.csproj", "{39B21CC8-5541-4226-A458-C99D8CA25539}"
EndProject
Project("{FAE04EC0-301F-11D3-BF4B-00C04F79EFBC}") = "FamilyStudioFormsGui", "FamilyStudioFormsGui\FamilyStudioFormsGui.csproj", "{94FFC2A3-7686-4E99-87B4-98535F20C02C}"
EndProject
Project("{FAE04EC0-301F-11D3-BF4B-00C04F79EFBC}") = "FamilyStudioConfiguration", "FamilyStudioConfiguration\FamilyStudioConfiguration.csproj", "{4411D6E4-243D-4CB2-BB25-89A4449DECD1}"
EndProject
Project("{FAE04EC0-301F-11D3-BF4B-00C04F79EFBC}") = "MyHeritageCodec", "FileFormats\MyHeritageCodec\MyHeritageCodec.csproj", "{23AAC4C9-53F3-4E80-9A45-19CABED3F7FA}"
EndProject
Project("{FAE04EC0-301F-11D3-BF4B-00C04F79EFBC}") = "TextCodec", "FileFormats\TextCodec\TextCodec.csproj", "{9710BBFE-1CF6-4657-B6C9-64937AA624B0}"
EndProject
Project("{FAE04EC0-301F-11D3-BF4B-00C04F79EFBC}") = "FamilyStudioWebBrowser", "FamilyStudioWebBrowser\FamilyStudioWebBrowser.csproj", "{27DA93BC-2FE0-45CF-A69D-C30662FBAE13}"
EndProject
Global
	GlobalSection(TeamFoundationVersionControl) = preSolution
		SccNumberOfProjects = 11
		SccEnterpriseProvider = {4CA58AB2-18FA-4F8D-95D4-32DDF27D184C}
		SccTeamFoundationServer = https://endian.visualstudio.com/defaultcollection
		SccLocalPath0 = .
		SccProjectUniqueName1 = FamilyStudio1\\FamilyStudio2.csproj
		SccProjectName1 = FamilyStudio1
		SccLocalPath1 = FamilyStudio1
		SccProjectUniqueName2 = FamilyStudioConfiguration\\FamilyStudioConfiguration.csproj
		SccProjectName2 = FamilyStudioConfiguration
		SccLocalPath2 = FamilyStudioConfiguration
		SccProjectUniqueName3 = FamilyStudioData\\FamilyStudioData.csproj
		SccProjectName3 = FamilyStudioData
		SccLocalPath3 = FamilyStudioData
		SccProjectUniqueName4 = FamilyStudioFormsGui\\FamilyStudioFormsGui.csproj
		SccProjectName4 = FamilyStudioFormsGui
		SccLocalPath4 = FamilyStudioFormsGui
		SccProjectUniqueName5 = FamilyStudioWebBrowser\\FamilyStudioWebBrowser.csproj
		SccProjectName5 = FamilyStudioWebBrowser
		SccLocalPath5 = FamilyStudioWebBrowser
		SccProjectUniqueName6 = FileFormats\\AnarkivCodec\\AnarkivCodec.csproj
		SccProjectName6 = FileFormats/AnarkivCodec
		SccLocalPath6 = FileFormats\\AnarkivCodec
		SccProjectUniqueName7 = FileFormats\\GedcomCodec\\GedcomCodec.csproj
		SccProjectName7 = FileFormats/GedcomCodec
		SccLocalPath7 = FileFormats\\GedcomCodec
		SccProjectUniqueName8 = FileFormats\\GeniCodec\\GeniCodec.csproj
		SccProjectName8 = FileFormats/GeniCodec
		SccLocalPath8 = FileFormats\\GeniCodec
		SccProjectUniqueName9 = FileFormats\\MyHeritageCodec\\MyHeritageCodec.csproj
		SccProjectName9 = FileFormats/MyHeritageCodec
		SccLocalPath9 = FileFormats\\MyHeritageCodec
		SccProjectUniqueName10 = FileFormats\\TextCodec\\TextCodec.csproj
		SccProjectName10 = FileFormats/TextCodec
		SccLocalPath10 = FileFormats\\TextCodec
	EndGlobalSection
	GlobalSection(SolutionConfigurationPlatforms) = preSolution
		CD_ROM|Any CPU = CD_ROM|Any CPU
		CD_ROM|Mixed Platforms = CD_ROM|Mixed Platforms
		CD_ROM|x86 = CD_ROM|x86
		Debug|Any CPU = Debug|Any CPU
		Debug|Mixed Platforms = Debug|Mixed Platforms
		Debug|x86 = Debug|x86
		DVD-5|Any CPU = DVD-5|Any CPU
		DVD-5|Mixed Platforms = DVD-5|Mixed Platforms
		DVD-5|x86 = DVD-5|x86
		Release|Any CPU = Release|Any CPU
		Release|Mixed Platforms = Release|Mixed Platforms
		Release|x86 = Release|x86
		SingleImage|Any CPU = SingleImage|Any CPU
		SingleImage|Mixed Platforms = SingleImage|Mixed Platforms
		SingleImage|x86 = SingleImage|x86
	EndGlobalSection
	GlobalSection(ProjectConfigurationPlatforms) = postSolution
		{FA4A13F5-5D65-4F31-A56A-8F46D6184538}.CD_ROM|Any CPU.ActiveCfg = Release|x86
		{FA4A13F5-5D65-4F31-A56A-8F46D6184538}.CD_ROM|Mixed Platforms.ActiveCfg = Release|x86
		{FA4A13F5-5D65-4F31-A56A-8F46D6184538}.CD_ROM|Mixed Platforms.Build.0 = Release|x86
		{FA4A13F5-5D65-4F31-A56A-8F46D6184538}.CD_ROM|x86.ActiveCfg = Release|x86
		{FA4A13F5-5D65-4F31-A56A-8F46D6184538}.CD_ROM|x86.Build.0 = Release|x86
		{FA4A13F5-5D65-4F31-A56A-8F46D6184538}.Debug|Any CPU.ActiveCfg = Debug|x86
		{FA4A13F5-5D65-4F31-A56A-8F46D6184538}.Debug|Mixed Platforms.ActiveCfg = Debug|x86
		{FA4A13F5-5D65-4F31-A56A-8F46D6184538}.Debug|Mixed Platforms.Build.0 = Debug|x86
		{FA4A13F5-5D65-4F31-A56A-8F46D6184538}.Debug|x86.ActiveCfg = Debug|x86
		{FA4A13F5-5D65-4F31-A56A-8F46D6184538}.Debug|x86.Build.0 = Debug|x86
		{FA4A13F5-5D65-4F31-A56A-8F46D6184538}.DVD-5|Any CPU.ActiveCfg = Debug|x86
		{FA4A13F5-5D65-4F31-A56A-8F46D6184538}.DVD-5|Mixed Platforms.ActiveCfg = Debug|x86
		{FA4A13F5-5D65-4F31-A56A-8F46D6184538}.DVD-5|Mixed Platforms.Build.0 = Debug|x86
		{FA4A13F5-5D65-4F31-A56A-8F46D6184538}.DVD-5|x86.ActiveCfg = Debug|x86
		{FA4A13F5-5D65-4F31-A56A-8F46D6184538}.DVD-5|x86.Build.0 = Debug|x86
		{FA4A13F5-5D65-4F31-A56A-8F46D6184538}.Release|Any CPU.ActiveCfg = Release|x86
		{FA4A13F5-5D65-4F31-A56A-8F46D6184538}.Release|Mixed Platforms.ActiveCfg = Release|x86
		{FA4A13F5-5D65-4F31-A56A-8F46D6184538}.Release|Mixed Platforms.Build.0 = Release|x86
		{FA4A13F5-5D65-4F31-A56A-8F46D6184538}.Release|x86.ActiveCfg = Release|x86
		{FA4A13F5-5D65-4F31-A56A-8F46D6184538}.Release|x86.Build.0 = Release|x86
		{FA4A13F5-5D65-4F31-A56A-8F46D6184538}.SingleImage|Any CPU.ActiveCfg = Release|x86
		{FA4A13F5-5D65-4F31-A56A-8F46D6184538}.SingleImage|Mixed Platforms.ActiveCfg = Release|x86
		{FA4A13F5-5D65-4F31-A56A-8F46D6184538}.SingleImage|Mixed Platforms.Build.0 = Release|x86
		{FA4A13F5-5D65-4F31-A56A-8F46D6184538}.SingleImage|x86.ActiveCfg = Release|x86
		{FA4A13F5-5D65-4F31-A56A-8F46D6184538}.SingleImage|x86.Build.0 = Release|x86
		{911D2075-8F1C-43DF-9892-E71D139E4259}.CD_ROM|Any CPU.ActiveCfg = Release|Any CPU
		{911D2075-8F1C-43DF-9892-E71D139E4259}.CD_ROM|Any CPU.Build.0 = Release|Any CPU
		{911D2075-8F1C-43DF-9892-E71D139E4259}.CD_ROM|Mixed Platforms.ActiveCfg = Release|Any CPU
		{911D2075-8F1C-43DF-9892-E71D139E4259}.CD_ROM|Mixed Platforms.Build.0 = Release|Any CPU
		{911D2075-8F1C-43DF-9892-E71D139E4259}.CD_ROM|x86.ActiveCfg = Release|Any CPU
		{911D2075-8F1C-43DF-9892-E71D139E4259}.Debug|Any CPU.ActiveCfg = Debug|Any CPU
		{911D2075-8F1C-43DF-9892-E71D139E4259}.Debug|Any CPU.Build.0 = Debug|Any CPU
		{911D2075-8F1C-43DF-9892-E71D139E4259}.Debug|Mixed Platforms.ActiveCfg = Debug|Any CPU
		{911D2075-8F1C-43DF-9892-E71D139E4259}.Debug|Mixed Platforms.Build.0 = Debug|Any CPU
		{911D2075-8F1C-43DF-9892-E71D139E4259}.Debug|x86.ActiveCfg = Debug|Any CPU
		{911D2075-8F1C-43DF-9892-E71D139E4259}.DVD-5|Any CPU.ActiveCfg = Debug|Any CPU
		{911D2075-8F1C-43DF-9892-E71D139E4259}.DVD-5|Any CPU.Build.0 = Debug|Any CPU
		{911D2075-8F1C-43DF-9892-E71D139E4259}.DVD-5|Mixed Platforms.ActiveCfg = Debug|Any CPU
		{911D2075-8F1C-43DF-9892-E71D139E4259}.DVD-5|Mixed Platforms.Build.0 = Debug|Any CPU
		{911D2075-8F1C-43DF-9892-E71D139E4259}.DVD-5|x86.ActiveCfg = Debug|Any CPU
		{911D2075-8F1C-43DF-9892-E71D139E4259}.Release|Any CPU.ActiveCfg = Release|Any CPU
		{911D2075-8F1C-43DF-9892-E71D139E4259}.Release|Any CPU.Build.0 = Release|Any CPU
		{911D2075-8F1C-43DF-9892-E71D139E4259}.Release|Mixed Platforms.ActiveCfg = Release|Any CPU
		{911D2075-8F1C-43DF-9892-E71D139E4259}.Release|Mixed Platforms.Build.0 = Release|Any CPU
		{911D2075-8F1C-43DF-9892-E71D139E4259}.Release|x86.ActiveCfg = Release|Any CPU
		{911D2075-8F1C-43DF-9892-E71D139E4259}.SingleImage|Any CPU.ActiveCfg = Release|Any CPU
		{911D2075-8F1C-43DF-9892-E71D139E4259}.SingleImage|Any CPU.Build.0 = Release|Any CPU
		{911D2075-8F1C-43DF-9892-E71D139E4259}.SingleImage|Mixed Platforms.ActiveCfg = Release|Any CPU
		{911D2075-8F1C-43DF-9892-E71D139E4259}.SingleImage|Mixed Platforms.Build.0 = Release|Any CPU
		{911D2075-8F1C-43DF-9892-E71D139E4259}.SingleImage|x86.ActiveCfg = Release|Any CPU
		{728DDF5D-B15E-4B9E-BFE8-EA7C8BA85F2C}.CD_ROM|Any CPU.ActiveCfg = Release|Any CPU
		{728DDF5D-B15E-4B9E-BFE8-EA7C8BA85F2C}.CD_ROM|Any CPU.Build.0 = Release|Any CPU
		{728DDF5D-B15E-4B9E-BFE8-EA7C8BA85F2C}.CD_ROM|Mixed Platforms.ActiveCfg = Release|Any CPU
		{728DDF5D-B15E-4B9E-BFE8-EA7C8BA85F2C}.CD_ROM|Mixed Platforms.Build.0 = Release|Any CPU
		{728DDF5D-B15E-4B9E-BFE8-EA7C8BA85F2C}.CD_ROM|x86.ActiveCfg = Release|Any CPU
		{728DDF5D-B15E-4B9E-BFE8-EA7C8BA85F2C}.Debug|Any CPU.ActiveCfg = Debug|Any CPU
		{728DDF5D-B15E-4B9E-BFE8-EA7C8BA85F2C}.Debug|Any CPU.Build.0 = Debug|Any CPU
		{728DDF5D-B15E-4B9E-BFE8-EA7C8BA85F2C}.Debug|Mixed Platforms.ActiveCfg = Debug|Any CPU
		{728DDF5D-B15E-4B9E-BFE8-EA7C8BA85F2C}.Debug|Mixed Platforms.Build.0 = Debug|Any CPU
		{728DDF5D-B15E-4B9E-BFE8-EA7C8BA85F2C}.Debug|x86.ActiveCfg = Debug|Any CPU
		{728DDF5D-B15E-4B9E-BFE8-EA7C8BA85F2C}.DVD-5|Any CPU.ActiveCfg = Debug|Any CPU
		{728DDF5D-B15E-4B9E-BFE8-EA7C8BA85F2C}.DVD-5|Any CPU.Build.0 = Debug|Any CPU
		{728DDF5D-B15E-4B9E-BFE8-EA7C8BA85F2C}.DVD-5|Mixed Platforms.ActiveCfg = Debug|Any CPU
		{728DDF5D-B15E-4B9E-BFE8-EA7C8BA85F2C}.DVD-5|Mixed Platforms.Build.0 = Debug|Any CPU
		{728DDF5D-B15E-4B9E-BFE8-EA7C8BA85F2C}.DVD-5|x86.ActiveCfg = Debug|Any CPU
		{728DDF5D-B15E-4B9E-BFE8-EA7C8BA85F2C}.Release|Any CPU.ActiveCfg = Release|Any CPU
		{728DDF5D-B15E-4B9E-BFE8-EA7C8BA85F2C}.Release|Any CPU.Build.0 = Release|Any CPU
		{728DDF5D-B15E-4B9E-BFE8-EA7C8BA85F2C}.Release|Mixed Platforms.ActiveCfg = Release|Any CPU
		{728DDF5D-B15E-4B9E-BFE8-EA7C8BA85F2C}.Release|Mixed Platforms.Build.0 = Release|Any CPU
		{728DDF5D-B15E-4B9E-BFE8-EA7C8BA85F2C}.Release|x86.ActiveCfg = Release|Any CPU
		{728DDF5D-B15E-4B9E-BFE8-EA7C8BA85F2C}.SingleImage|Any CPU.ActiveCfg = Release|Any CPU
		{728DDF5D-B15E-4B9E-BFE8-EA7C8BA85F2C}.SingleImage|Any CPU.Build.0 = Release|Any CPU
		{728DDF5D-B15E-4B9E-BFE8-EA7C8BA85F2C}.SingleImage|Mixed Platforms.ActiveCfg = Release|Any CPU
		{728DDF5D-B15E-4B9E-BFE8-EA7C8BA85F2C}.SingleImage|Mixed Platforms.Build.0 = Release|Any CPU
		{728DDF5D-B15E-4B9E-BFE8-EA7C8BA85F2C}.SingleImage|x86.ActiveCfg = Release|Any CPU
		{27F035D7-3604-46A1-ACAB-FFF1BEB37315}.CD_ROM|Any CPU.ActiveCfg = Release|Any CPU
		{27F035D7-3604-46A1-ACAB-FFF1BEB37315}.CD_ROM|Any CPU.Build.0 = Release|Any CPU
		{27F035D7-3604-46A1-ACAB-FFF1BEB37315}.CD_ROM|Mixed Platforms.ActiveCfg = Release|Any CPU
		{27F035D7-3604-46A1-ACAB-FFF1BEB37315}.CD_ROM|Mixed Platforms.Build.0 = Release|Any CPU
		{27F035D7-3604-46A1-ACAB-FFF1BEB37315}.CD_ROM|x86.ActiveCfg = Release|Any CPU
		{27F035D7-3604-46A1-ACAB-FFF1BEB37315}.Debug|Any CPU.ActiveCfg = Debug|Any CPU
		{27F035D7-3604-46A1-ACAB-FFF1BEB37315}.Debug|Any CPU.Build.0 = Debug|Any CPU
		{27F035D7-3604-46A1-ACAB-FFF1BEB37315}.Debug|Mixed Platforms.ActiveCfg = Debug|Any CPU
		{27F035D7-3604-46A1-ACAB-FFF1BEB37315}.Debug|Mixed Platforms.Build.0 = Debug|Any CPU
		{27F035D7-3604-46A1-ACAB-FFF1BEB37315}.Debug|x86.ActiveCfg = Debug|Any CPU
		{27F035D7-3604-46A1-ACAB-FFF1BEB37315}.DVD-5|Any CPU.ActiveCfg = Debug|Any CPU
		{27F035D7-3604-46A1-ACAB-FFF1BEB37315}.DVD-5|Any CPU.Build.0 = Debug|Any CPU
		{27F035D7-3604-46A1-ACAB-FFF1BEB37315}.DVD-5|Mixed Platforms.ActiveCfg = Debug|Any CPU
		{27F035D7-3604-46A1-ACAB-FFF1BEB37315}.DVD-5|Mixed Platforms.Build.0 = Debug|Any CPU
		{27F035D7-3604-46A1-ACAB-FFF1BEB37315}.DVD-5|x86.ActiveCfg = Debug|Any CPU
		{27F035D7-3604-46A1-ACAB-FFF1BEB37315}.Release|Any CPU.ActiveCfg = Release|Any CPU
		{27F035D7-3604-46A1-ACAB-FFF1BEB37315}.Release|Any CPU.Build.0 = Release|Any CPU
		{27F035D7-3604-46A1-ACAB-FFF1BEB37315}.Release|Mixed Platforms.ActiveCfg = Release|Any CPU
		{27F035D7-3604-46A1-ACAB-FFF1BEB37315}.Release|Mixed Platforms.Build.0 = Release|Any CPU
		{27F035D7-3604-46A1-ACAB-FFF1BEB37315}.Release|x86.ActiveCfg = Release|Any CPU
		{27F035D7-3604-46A1-ACAB-FFF1BEB37315}.SingleImage|Any CPU.ActiveCfg = Release|Any CPU
		{27F035D7-3604-46A1-ACAB-FFF1BEB37315}.SingleImage|Any CPU.Build.0 = Release|Any CPU
		{27F035D7-3604-46A1-ACAB-FFF1BEB37315}.SingleImage|Mixed Platforms.ActiveCfg = Release|Any CPU
		{27F035D7-3604-46A1-ACAB-FFF1BEB37315}.SingleImage|Mixed Platforms.Build.0 = Release|Any CPU
		{27F035D7-3604-46A1-ACAB-FFF1BEB37315}.SingleImage|x86.ActiveCfg = Release|Any CPU
		{39B21CC8-5541-4226-A458-C99D8CA25539}.CD_ROM|Any CPU.ActiveCfg = Release|Any CPU
		{39B21CC8-5541-4226-A458-C99D8CA25539}.CD_ROM|Any CPU.Build.0 = Release|Any CPU
		{39B21CC8-5541-4226-A458-C99D8CA25539}.CD_ROM|Mixed Platforms.ActiveCfg = Release|Any CPU
		{39B21CC8-5541-4226-A458-C99D8CA25539}.CD_ROM|Mixed Platforms.Build.0 = Release|Any CPU
		{39B21CC8-5541-4226-A458-C99D8CA25539}.CD_ROM|x86.ActiveCfg = Release|Any CPU
		{39B21CC8-5541-4226-A458-C99D8CA25539}.Debug|Any CPU.ActiveCfg = Debug|Any CPU
		{39B21CC8-5541-4226-A458-C99D8CA25539}.Debug|Any CPU.Build.0 = Debug|Any CPU
		{39B21CC8-5541-4226-A458-C99D8CA25539}.Debug|Mixed Platforms.ActiveCfg = Debug|Any CPU
		{39B21CC8-5541-4226-A458-C99D8CA25539}.Debug|Mixed Platforms.Build.0 = Debug|Any CPU
		{39B21CC8-5541-4226-A458-C99D8CA25539}.Debug|x86.ActiveCfg = Debug|Any CPU
		{39B21CC8-5541-4226-A458-C99D8CA25539}.DVD-5|Any CPU.ActiveCfg = Debug|Any CPU
		{39B21CC8-5541-4226-A458-C99D8CA25539}.DVD-5|Any CPU.Build.0 = Debug|Any CPU
		{39B21CC8-5541-4226-A458-C99D8CA25539}.DVD-5|Mixed Platforms.ActiveCfg = Debug|Any CPU
		{39B21CC8-5541-4226-A458-C99D8CA25539}.DVD-5|Mixed Platforms.Build.0 = Debug|Any CPU
		{39B21CC8-5541-4226-A458-C99D8CA25539}.DVD-5|x86.ActiveCfg = Debug|Any CPU
		{39B21CC8-5541-4226-A458-C99D8CA25539}.Release|Any CPU.ActiveCfg = Release|Any CPU
		{39B21CC8-5541-4226-A458-C99D8CA25539}.Release|Any CPU.Build.0 = Release|Any CPU
		{39B21CC8-5541-4226-A458-C99D8CA25539}.Release|Mixed Platforms.ActiveCfg = Release|Any CPU
		{39B21CC8-5541-4226-A458-C99D8CA25539}.Release|Mixed Platforms.Build.0 = Release|Any CPU
		{39B21CC8-5541-4226-A458-C99D8CA25539}.Release|x86.ActiveCfg = Release|Any CPU
		{39B21CC8-5541-4226-A458-C99D8CA25539}.SingleImage|Any CPU.ActiveCfg = Release|Any CPU
		{39B21CC8-5541-4226-A458-C99D8CA25539}.SingleImage|Any CPU.Build.0 = Release|Any CPU
		{39B21CC8-5541-4226-A458-C99D8CA25539}.SingleImage|Mixed Platforms.ActiveCfg = Release|Any CPU
		{39B21CC8-5541-4226-A458-C99D8CA25539}.SingleImage|Mixed Platforms.Build.0 = Release|Any CPU
		{39B21CC8-5541-4226-A458-C99D8CA25539}.SingleImage|x86.ActiveCfg = Release|Any CPU
		{94FFC2A3-7686-4E99-87B4-98535F20C02C}.CD_ROM|Any CPU.ActiveCfg = Release|Any CPU
		{94FFC2A3-7686-4E99-87B4-98535F20C02C}.CD_ROM|Any CPU.Build.0 = Release|Any CPU
		{94FFC2A3-7686-4E99-87B4-98535F20C02C}.CD_ROM|Mixed Platforms.ActiveCfg = Release|Any CPU
		{94FFC2A3-7686-4E99-87B4-98535F20C02C}.CD_ROM|Mixed Platforms.Build.0 = Release|Any CPU
		{94FFC2A3-7686-4E99-87B4-98535F20C02C}.CD_ROM|x86.ActiveCfg = Release|Any CPU
		{94FFC2A3-7686-4E99-87B4-98535F20C02C}.Debug|Any CPU.ActiveCfg = Debug|Any CPU
		{94FFC2A3-7686-4E99-87B4-98535F20C02C}.Debug|Any CPU.Build.0 = Debug|Any CPU
		{94FFC2A3-7686-4E99-87B4-98535F20C02C}.Debug|Mixed Platforms.ActiveCfg = Debug|Any CPU
		{94FFC2A3-7686-4E99-87B4-98535F20C02C}.Debug|Mixed Platforms.Build.0 = Debug|Any CPU
		{94FFC2A3-7686-4E99-87B4-98535F20C02C}.Debug|x86.ActiveCfg = Debug|Any CPU
		{94FFC2A3-7686-4E99-87B4-98535F20C02C}.DVD-5|Any CPU.ActiveCfg = Debug|Any CPU
		{94FFC2A3-7686-4E99-87B4-98535F20C02C}.DVD-5|Any CPU.Build.0 = Debug|Any CPU
		{94FFC2A3-7686-4E99-87B4-98535F20C02C}.DVD-5|Mixed Platforms.ActiveCfg = Debug|Any CPU
		{94FFC2A3-7686-4E99-87B4-98535F20C02C}.DVD-5|Mixed Platforms.Build.0 = Debug|Any CPU
		{94FFC2A3-7686-4E99-87B4-98535F20C02C}.DVD-5|x86.ActiveCfg = Debug|Any CPU
		{94FFC2A3-7686-4E99-87B4-98535F20C02C}.Release|Any CPU.ActiveCfg = Release|Any CPU
		{94FFC2A3-7686-4E99-87B4-98535F20C02C}.Release|Any CPU.Build.0 = Release|Any CPU
		{94FFC2A3-7686-4E99-87B4-98535F20C02C}.Release|Mixed Platforms.ActiveCfg = Release|Any CPU
		{94FFC2A3-7686-4E99-87B4-98535F20C02C}.Release|Mixed Platforms.Build.0 = Release|Any CPU
		{94FFC2A3-7686-4E99-87B4-98535F20C02C}.Release|x86.ActiveCfg = Release|Any CPU
		{94FFC2A3-7686-4E99-87B4-98535F20C02C}.SingleImage|Any CPU.ActiveCfg = Release|Any CPU
		{94FFC2A3-7686-4E99-87B4-98535F20C02C}.SingleImage|Any CPU.Build.0 = Release|Any CPU
		{94FFC2A3-7686-4E99-87B4-98535F20C02C}.SingleImage|Mixed Platforms.ActiveCfg = Release|Any CPU
		{94FFC2A3-7686-4E99-87B4-98535F20C02C}.SingleImage|Mixed Platforms.Build.0 = Release|Any CPU
		{94FFC2A3-7686-4E99-87B4-98535F20C02C}.SingleImage|x86.ActiveCfg = Release|Any CPU
		{4411D6E4-243D-4CB2-BB25-89A4449DECD1}.CD_ROM|Any CPU.ActiveCfg = Release|Any CPU
		{4411D6E4-243D-4CB2-BB25-89A4449DECD1}.CD_ROM|Any CPU.Build.0 = Release|Any CPU
		{4411D6E4-243D-4CB2-BB25-89A4449DECD1}.CD_ROM|Mixed Platforms.ActiveCfg = Release|Any CPU
		{4411D6E4-243D-4CB2-BB25-89A4449DECD1}.CD_ROM|Mixed Platforms.Build.0 = Release|Any CPU
		{4411D6E4-243D-4CB2-BB25-89A4449DECD1}.CD_ROM|x86.ActiveCfg = Release|Any CPU
		{4411D6E4-243D-4CB2-BB25-89A4449DECD1}.Debug|Any CPU.ActiveCfg = Debug|Any CPU
		{4411D6E4-243D-4CB2-BB25-89A4449DECD1}.Debug|Any CPU.Build.0 = Debug|Any CPU
		{4411D6E4-243D-4CB2-BB25-89A4449DECD1}.Debug|Mixed Platforms.ActiveCfg = Debug|Any CPU
		{4411D6E4-243D-4CB2-BB25-89A4449DECD1}.Debug|Mixed Platforms.Build.0 = Debug|Any CPU
		{4411D6E4-243D-4CB2-BB25-89A4449DECD1}.Debug|x86.ActiveCfg = Debug|Any CPU
		{4411D6E4-243D-4CB2-BB25-89A4449DECD1}.DVD-5|Any CPU.ActiveCfg = Debug|Any CPU
		{4411D6E4-243D-4CB2-BB25-89A4449DECD1}.DVD-5|Any CPU.Build.0 = Debug|Any CPU
		{4411D6E4-243D-4CB2-BB25-89A4449DECD1}.DVD-5|Mixed Platforms.ActiveCfg = Debug|Any CPU
		{4411D6E4-243D-4CB2-BB25-89A4449DECD1}.DVD-5|Mixed Platforms.Build.0 = Debug|Any CPU
		{4411D6E4-243D-4CB2-BB25-89A4449DECD1}.DVD-5|x86.ActiveCfg = Debug|Any CPU
		{4411D6E4-243D-4CB2-BB25-89A4449DECD1}.Release|Any CPU.ActiveCfg = Release|Any CPU
		{4411D6E4-243D-4CB2-BB25-89A4449DECD1}.Release|Any CPU.Build.0 = Release|Any CPU
		{4411D6E4-243D-4CB2-BB25-89A4449DECD1}.Release|Mixed Platforms.ActiveCfg = Release|Any CPU
		{4411D6E4-243D-4CB2-BB25-89A4449DECD1}.Release|Mixed Platforms.Build.0 = Release|Any CPU
		{4411D6E4-243D-4CB2-BB25-89A4449DECD1}.Release|x86.ActiveCfg = Release|Any CPU
		{4411D6E4-243D-4CB2-BB25-89A4449DECD1}.SingleImage|Any CPU.ActiveCfg = Release|Any CPU
		{4411D6E4-243D-4CB2-BB25-89A4449DECD1}.SingleImage|Any CPU.Build.0 = Release|Any CPU
		{4411D6E4-243D-4CB2-BB25-89A4449DECD1}.SingleImage|Mixed Platforms.ActiveCfg = Release|Any CPU
		{4411D6E4-243D-4CB2-BB25-89A4449DECD1}.SingleImage|Mixed Platforms.Build.0 = Release|Any CPU
		{4411D6E4-243D-4CB2-BB25-89A4449DECD1}.SingleImage|x86.ActiveCfg = Release|Any CPU
		{23AAC4C9-53F3-4E80-9A45-19CABED3F7FA}.CD_ROM|Any CPU.ActiveCfg = Release|Any CPU
		{23AAC4C9-53F3-4E80-9A45-19CABED3F7FA}.CD_ROM|Any CPU.Build.0 = Release|Any CPU
		{23AAC4C9-53F3-4E80-9A45-19CABED3F7FA}.CD_ROM|Mixed Platforms.ActiveCfg = Release|Any CPU
		{23AAC4C9-53F3-4E80-9A45-19CABED3F7FA}.CD_ROM|Mixed Platforms.Build.0 = Release|Any CPU
		{23AAC4C9-53F3-4E80-9A45-19CABED3F7FA}.CD_ROM|x86.ActiveCfg = Release|Any CPU
		{23AAC4C9-53F3-4E80-9A45-19CABED3F7FA}.Debug|Any CPU.ActiveCfg = Debug|Any CPU
		{23AAC4C9-53F3-4E80-9A45-19CABED3F7FA}.Debug|Any CPU.Build.0 = Debug|Any CPU
		{23AAC4C9-53F3-4E80-9A45-19CABED3F7FA}.Debug|Mixed Platforms.ActiveCfg = Debug|Any CPU
		{23AAC4C9-53F3-4E80-9A45-19CABED3F7FA}.Debug|Mixed Platforms.Build.0 = Debug|Any CPU
		{23AAC4C9-53F3-4E80-9A45-19CABED3F7FA}.Debug|x86.ActiveCfg = Debug|Any CPU
		{23AAC4C9-53F3-4E80-9A45-19CABED3F7FA}.DVD-5|Any CPU.ActiveCfg = Debug|Any CPU
		{23AAC4C9-53F3-4E80-9A45-19CABED3F7FA}.DVD-5|Any CPU.Build.0 = Debug|Any CPU
		{23AAC4C9-53F3-4E80-9A45-19CABED3F7FA}.DVD-5|Mixed Platforms.ActiveCfg = Debug|Any CPU
		{23AAC4C9-53F3-4E80-9A45-19CABED3F7FA}.DVD-5|Mixed Platforms.Build.0 = Debug|Any CPU
		{23AAC4C9-53F3-4E80-9A45-19CABED3F7FA}.DVD-5|x86.ActiveCfg = Debug|Any CPU
		{23AAC4C9-53F3-4E80-9A45-19CABED3F7FA}.Release|Any CPU.ActiveCfg = Release|Any CPU
		{23AAC4C9-53F3-4E80-9A45-19CABED3F7FA}.Release|Any CPU.Build.0 = Release|Any CPU
		{23AAC4C9-53F3-4E80-9A45-19CABED3F7FA}.Release|Mixed Platforms.ActiveCfg = Release|Any CPU
		{23AAC4C9-53F3-4E80-9A45-19CABED3F7FA}.Release|Mixed Platforms.Build.0 = Release|Any CPU
		{23AAC4C9-53F3-4E80-9A45-19CABED3F7FA}.Release|x86.ActiveCfg = Release|Any CPU
		{23AAC4C9-53F3-4E80-9A45-19CABED3F7FA}.SingleImage|Any CPU.ActiveCfg = Release|Any CPU
		{23AAC4C9-53F3-4E80-9A45-19CABED3F7FA}.SingleImage|Any CPU.Build.0 = Release|Any CPU
		{23AAC4C9-53F3-4E80-9A45-19CABED3F7FA}.SingleImage|Mixed Platforms.ActiveCfg = Release|Any CPU
		{23AAC4C9-53F3-4E80-9A45-19CABED3F7FA}.SingleImage|Mixed Platforms.Build.0 = Release|Any CPU
		{23AAC4C9-53F3-4E80-9A45-19CABED3F7FA}.SingleImage|x86.ActiveCfg = Release|Any CPU
		{9710BBFE-1CF6-4657-B6C9-64937AA624B0}.CD_ROM|Any CPU.ActiveCfg = Release|Any CPU
		{9710BBFE-1CF6-4657-B6C9-64937AA624B0}.CD_ROM|Any CPU.Build.0 = Release|Any CPU
		{9710BBFE-1CF6-4657-B6C9-64937AA624B0}.CD_ROM|Mixed Platforms.ActiveCfg = Release|Any CPU
		{9710BBFE-1CF6-4657-B6C9-64937AA624B0}.CD_ROM|Mixed Platforms.Build.0 = Release|Any CPU
		{9710BBFE-1CF6-4657-B6C9-64937AA624B0}.CD_ROM|x86.ActiveCfg = Release|Any CPU
		{9710BBFE-1CF6-4657-B6C9-64937AA624B0}.Debug|Any CPU.ActiveCfg = Debug|Any CPU
		{9710BBFE-1CF6-4657-B6C9-64937AA624B0}.Debug|Any CPU.Build.0 = Debug|Any CPU
		{9710BBFE-1CF6-4657-B6C9-64937AA624B0}.Debug|Mixed Platforms.ActiveCfg = Debug|Any CPU
		{9710BBFE-1CF6-4657-B6C9-64937AA624B0}.Debug|Mixed Platforms.Build.0 = Debug|Any CPU
		{9710BBFE-1CF6-4657-B6C9-64937AA624B0}.Debug|x86.ActiveCfg = Debug|Any CPU
		{9710BBFE-1CF6-4657-B6C9-64937AA624B0}.DVD-5|Any CPU.ActiveCfg = Debug|Any CPU
		{9710BBFE-1CF6-4657-B6C9-64937AA624B0}.DVD-5|Any CPU.Build.0 = Debug|Any CPU
		{9710BBFE-1CF6-4657-B6C9-64937AA624B0}.DVD-5|Mixed Platforms.ActiveCfg = Debug|Any CPU
		{9710BBFE-1CF6-4657-B6C9-64937AA624B0}.DVD-5|Mixed Platforms.Build.0 = Debug|Any CPU
		{9710BBFE-1CF6-4657-B6C9-64937AA624B0}.DVD-5|x86.ActiveCfg = Debug|Any CPU
		{9710BBFE-1CF6-4657-B6C9-64937AA624B0}.Release|Any CPU.ActiveCfg = Release|Any CPU
		{9710BBFE-1CF6-4657-B6C9-64937AA624B0}.Release|Any CPU.Build.0 = Release|Any CPU
		{9710BBFE-1CF6-4657-B6C9-64937AA624B0}.Release|Mixed Platforms.ActiveCfg = Release|Any CPU
		{9710BBFE-1CF6-4657-B6C9-64937AA624B0}.Release|Mixed Platforms.Build.0 = Release|Any CPU
		{9710BBFE-1CF6-4657-B6C9-64937AA624B0}.Release|x86.ActiveCfg = Release|Any CPU
		{9710BBFE-1CF6-4657-B6C9-64937AA624B0}.SingleImage|Any CPU.ActiveCfg = Release|Any CPU
		{9710BBFE-1CF6-4657-B6C9-64937AA624B0}.SingleImage|Any CPU.Build.0 = Release|Any CPU
		{9710BBFE-1CF6-4657-B6C9-64937AA624B0}.SingleImage|Mixed Platforms.ActiveCfg = Release|Any CPU
		{9710BBFE-1CF6-4657-B6C9-64937AA624B0}.SingleImage|Mixed Platforms.Build.0 = Release|Any CPU
		{9710BBFE-1CF6-4657-B6C9-64937AA624B0}.SingleImage|x86.ActiveCfg = Release|Any CPU
		{27DA93BC-2FE0-45CF-A69D-C30662FBAE13}.CD_ROM|Any CPU.ActiveCfg = Release|Any CPU
		{27DA93BC-2FE0-45CF-A69D-C30662FBAE13}.CD_ROM|Any CPU.Build.0 = Release|Any CPU
		{27DA93BC-2FE0-45CF-A69D-C30662FBAE13}.CD_ROM|Mixed Platforms.ActiveCfg = Release|Any CPU
		{27DA93BC-2FE0-45CF-A69D-C30662FBAE13}.CD_ROM|Mixed Platforms.Build.0 = Release|Any CPU
		{27DA93BC-2FE0-45CF-A69D-C30662FBAE13}.CD_ROM|x86.ActiveCfg = Release|Any CPU
		{27DA93BC-2FE0-45CF-A69D-C30662FBAE13}.Debug|Any CPU.ActiveCfg = Debug|Any CPU
		{27DA93BC-2FE0-45CF-A69D-C30662FBAE13}.Debug|Any CPU.Build.0 = Debug|Any CPU
		{27DA93BC-2FE0-45CF-A69D-C30662FBAE13}.Debug|Mixed Platforms.ActiveCfg = Debug|Any CPU
		{27DA93BC-2FE0-45CF-A69D-C30662FBAE13}.Debug|Mixed Platforms.Build.0 = Debug|Any CPU
		{27DA93BC-2FE0-45CF-A69D-C30662FBAE13}.Debug|x86.ActiveCfg = Debug|Any CPU
		{27DA93BC-2FE0-45CF-A69D-C30662FBAE13}.DVD-5|Any CPU.ActiveCfg = Debug|Any CPU
		{27DA93BC-2FE0-45CF-A69D-C30662FBAE13}.DVD-5|Any CPU.Build.0 = Debug|Any CPU
		{27DA93BC-2FE0-45CF-A69D-C30662FBAE13}.DVD-5|Mixed Platforms.ActiveCfg = Debug|Any CPU
		{27DA93BC-2FE0-45CF-A69D-C30662FBAE13}.DVD-5|Mixed Platforms.Build.0 = Debug|Any CPU
		{27DA93BC-2FE0-45CF-A69D-C30662FBAE13}.DVD-5|x86.ActiveCfg = Debug|Any CPU
		{27DA93BC-2FE0-45CF-A69D-C30662FBAE13}.Release|Any CPU.ActiveCfg = Release|Any CPU
		{27DA93BC-2FE0-45CF-A69D-C30662FBAE13}.Release|Any CPU.Build.0 = Release|Any CPU
		{27DA93BC-2FE0-45CF-A69D-C30662FBAE13}.Release|Mixed Platforms.ActiveCfg = Release|Any CPU
		{27DA93BC-2FE0-45CF-A69D-C30662FBAE13}.Release|Mixed Platforms.Build.0 = Release|Any CPU
		{27DA93BC-2FE0-45CF-A69D-C30662FBAE13}.Release|x86.ActiveCfg = Release|Any CPU
		{27DA93BC-2FE0-45CF-A69D-C30662FBAE13}.SingleImage|Any CPU.ActiveCfg = Release|Any CPU
		{27DA93BC-2FE0-45CF-A69D-C30662FBAE13}.SingleImage|Any CPU.Build.0 = Release|Any CPU
		{27DA93BC-2FE0-45CF-A69D-C30662FBAE13}.SingleImage|Mixed Platforms.ActiveCfg = Release|Any CPU
		{27DA93BC-2FE0-45CF-A69D-C30662FBAE13}.SingleImage|Mixed Platforms.Build.0 = Release|Any CPU
		{27DA93BC-2FE0-45CF-A69D-C30662FBAE13}.SingleImage|x86.ActiveCfg = Release|Any CPU
	EndGlobalSection
	GlobalSection(SolutionProperties) = preSolution
		HideSolutionNode = FALSE
	EndGlobalSection
EndGlobal
